
Microsoft Visual Studio Solution File, Format Version 12.00
# Visual Studio Version 17
VisualStudioVersion = 17.5.33516.290
MinimumVisualStudioVersion = 10.0.40219.1
Project("{54A90642-561A-4BB1-A94E-469ADEE60C69}") = "SinoDict", "SinoDict.esproj", "{698D1A62-A694-4609-B599-4009249BF071}"
EndProject
Global
	GlobalSection(SolutionConfigurationPlatforms) = preSolution
		Debug|Any CPU = Debug|Any CPU
		Release|Any CPU = Release|Any CPU
	EndGlobalSection
	GlobalSection(ProjectConfigurationPlatforms) = postSolution
		{698D1A62-A694-4609-B599-4009249BF071}.Debug|Any CPU.ActiveCfg = Debug|Any CPU
		{698D1A62-A694-4609-B599-4009249BF071}.Debug|Any CPU.Build.0 = Debug|Any CPU
		{698D1A62-A694-4609-B599-4009249BF071}.Debug|Any CPU.Deploy.0 = Debug|Any CPU
		{698D1A62-A694-4609-B599-4009249BF071}.Release|Any CPU.ActiveCfg = Release|Any CPU
		{698D1A62-A694-4609-B599-4009249BF071}.Release|Any CPU.Build.0 = Release|Any CPU
		{698D1A62-A694-4609-B599-4009249BF071}.Release|Any CPU.Deploy.0 = Release|Any CPU
	EndGlobalSection
	GlobalSection(SolutionProperties) = preSolution
		HideSolutionNode = FALSE
	EndGlobalSection
	GlobalSection(ExtensibilityGlobals) = postSolution
		SolutionGuid = {EAE035C4-E578-4E12-9156-0AE2AB8A2FA7}
	EndGlobalSection
EndGlobal
